
Microsoft Visual Studio Solution File, Format Version 12.00
# Visual Studio Version 17
VisualStudioVersion = 17.0.31903.59
MinimumVisualStudioVersion = 10.0.40219.1
Project("{FAE04EC0-301F-11D3-BF4B-00C04F79EFBC}") = "ProCodeGuide.Samples.AsyncWebAPI", "ProCodeGuide.Samples.AsyncWebAPI\ProCodeGuide.Samples.AsyncWebAPI.csproj", "{993CCC48-B906-4569-A819-7334CA7B9C8D}"
EndProject
Global
	GlobalSection(SolutionConfigurationPlatforms) = preSolution
		Debug|Any CPU = Debug|Any CPU
		Release|Any CPU = Release|Any CPU
	EndGlobalSection
	GlobalSection(ProjectConfigurationPlatforms) = postSolution
		{993CCC48-B906-4569-A819-7334CA7B9C8D}.Debug|Any CPU.ActiveCfg = Debug|Any CPU
		{993CCC48-B906-4569-A819-7334CA7B9C8D}.Debug|Any CPU.Build.0 = Debug|Any CPU
		{993CCC48-B906-4569-A819-7334CA7B9C8D}.Release|Any CPU.ActiveCfg = Release|Any CPU
		{993CCC48-B906-4569-A819-7334CA7B9C8D}.Release|Any CPU.Build.0 = Release|Any CPU
	EndGlobalSection
	GlobalSection(SolutionProperties) = preSolution
		HideSolutionNode = FALSE
	EndGlobalSection
	GlobalSection(ExtensibilityGlobals) = postSolution
		SolutionGuid = {5554A850-6507-44CC-9B6F-4979691097A0}
	EndGlobalSection
EndGlobal
